
Microsoft Visual Studio Solution File, Format Version 12.00
# Visual Studio Version 16
VisualStudioVersion = 16.0.30001.183
MinimumVisualStudioVersion = 10.0.40219.1
Project("{FAE04EC0-301F-11D3-BF4B-00C04F79EFBC}") = "UwpCache", "UwpCache\UwpCache.csproj", "{0091C2BF-9FF3-44ED-A44E-76301C100B1B}"
EndProject
Project("{FAE04EC0-301F-11D3-BF4B-00C04F79EFBC}") = "UwpCacheTest", "UwpCacheTest\UwpCacheTest.csproj", "{B1960DD8-1B0B-450B-9C4C-1C774231CCF7}"
EndProject
Global
	GlobalSection(SolutionConfigurationPlatforms) = preSolution
		Debug|Any CPU = Debug|Any CPU
		Debug|ARM = Debug|ARM
		Debug|x64 = Debug|x64
		Debug|x86 = Debug|x86
		Release|Any CPU = Release|Any CPU
		Release|ARM = Release|ARM
		Release|x64 = Release|x64
		Release|x86 = Release|x86
	EndGlobalSection
	GlobalSection(ProjectConfigurationPlatforms) = postSolution
		{0091C2BF-9FF3-44ED-A44E-76301C100B1B}.Debug|Any CPU.ActiveCfg = Debug|Any CPU
		{0091C2BF-9FF3-44ED-A44E-76301C100B1B}.Debug|Any CPU.Build.0 = Debug|Any CPU
		{0091C2BF-9FF3-44ED-A44E-76301C100B1B}.Debug|Any CPU.Deploy.0 = Debug|Any CPU
		{0091C2BF-9FF3-44ED-A44E-76301C100B1B}.Debug|ARM.ActiveCfg = Debug|Any CPU
		{0091C2BF-9FF3-44ED-A44E-76301C100B1B}.Debug|ARM.Build.0 = Debug|Any CPU
		{0091C2BF-9FF3-44ED-A44E-76301C100B1B}.Debug|x64.ActiveCfg = Debug|Any CPU
		{0091C2BF-9FF3-44ED-A44E-76301C100B1B}.Debug|x64.Build.0 = Debug|Any CPU
		{0091C2BF-9FF3-44ED-A44E-76301C100B1B}.Debug|x86.ActiveCfg = Debug|Any CPU
		{0091C2BF-9FF3-44ED-A44E-76301C100B1B}.Debug|x86.Build.0 = Debug|Any CPU
		{0091C2BF-9FF3-44ED-A44E-76301C100B1B}.Release|Any CPU.ActiveCfg = Release|Any CPU
		{0091C2BF-9FF3-44ED-A44E-76301C100B1B}.Release|Any CPU.Build.0 = Release|Any CPU
		{0091C2BF-9FF3-44ED-A44E-76301C100B1B}.Release|ARM.ActiveCfg = Release|Any CPU
		{0091C2BF-9FF3-44ED-A44E-76301C100B1B}.Release|ARM.Build.0 = Release|Any CPU
		{0091C2BF-9FF3-44ED-A44E-76301C100B1B}.Release|x64.ActiveCfg = Release|Any CPU
		{0091C2BF-9FF3-44ED-A44E-76301C100B1B}.Release|x64.Build.0 = Release|Any CPU
		{0091C2BF-9FF3-44ED-A44E-76301C100B1B}.Release|x86.ActiveCfg = Release|Any CPU
		{0091C2BF-9FF3-44ED-A44E-76301C100B1B}.Release|x86.Build.0 = Release|Any CPU
		{B1960DD8-1B0B-450B-9C4C-1C774231CCF7}.Debug|Any CPU.ActiveCfg = Debug|x86
		{B1960DD8-1B0B-450B-9C4C-1C774231CCF7}.Debug|ARM.ActiveCfg = Debug|ARM
		{B1960DD8-1B0B-450B-9C4C-1C774231CCF7}.Debug|ARM.Build.0 = Debug|ARM
		{B1960DD8-1B0B-450B-9C4C-1C774231CCF7}.Debug|ARM.Deploy.0 = Debug|ARM
		{B1960DD8-1B0B-450B-9C4C-1C774231CCF7}.Debug|x64.ActiveCfg = Debug|x64
		{B1960DD8-1B0B-450B-9C4C-1C774231CCF7}.Debug|x64.Build.0 = Debug|x64
		{B1960DD8-1B0B-450B-9C4C-1C774231CCF7}.Debug|x64.Deploy.0 = Debug|x64
		{B1960DD8-1B0B-450B-9C4C-1C774231CCF7}.Debug|x86.ActiveCfg = Debug|x86
		{B1960DD8-1B0B-450B-9C4C-1C774231CCF7}.Debug|x86.Build.0 = Debug|x86
		{B1960DD8-1B0B-450B-9C4C-1C774231CCF7}.Debug|x86.Deploy.0 = Debug|x86
		{B1960DD8-1B0B-450B-9C4C-1C774231CCF7}.Release|Any CPU.ActiveCfg = Release|x86
		{B1960DD8-1B0B-450B-9C4C-1C774231CCF7}.Release|ARM.ActiveCfg = Release|ARM
		{B1960DD8-1B0B-450B-9C4C-1C774231CCF7}.Release|ARM.Build.0 = Release|ARM
		{B1960DD8-1B0B-450B-9C4C-1C774231CCF7}.Release|ARM.Deploy.0 = Release|ARM
		{B1960DD8-1B0B-450B-9C4C-1C774231CCF7}.Release|x64.ActiveCfg = Release|x64
		{B1960DD8-1B0B-450B-9C4C-1C774231CCF7}.Release|x64.Build.0 = Release|x64
		{B1960DD8-1B0B-450B-9C4C-1C774231CCF7}.Release|x64.Deploy.0 = Release|x64
		{B1960DD8-1B0B-450B-9C4C-1C774231CCF7}.Release|x86.ActiveCfg = Release|x86
		{B1960DD8-1B0B-450B-9C4C-1C774231CCF7}.Release|x86.Build.0 = Release|x86
		{B1960DD8-1B0B-450B-9C4C-1C774231CCF7}.Release|x86.Deploy.0 = Release|x86
	EndGlobalSection
	GlobalSection(SolutionProperties) = preSolution
		HideSolutionNode = FALSE
	EndGlobalSection
	GlobalSection(ExtensibilityGlobals) = postSolution
		SolutionGuid = {DE7B46C1-9509-4DD9-AB3F-61082A843328}
	EndGlobalSection
EndGlobal
